// !$*UTF8*$!
{
	archiveVersion = 1;
	classes = {
	};
	objectVersion = 56;
	objects = {

/* Begin PBXBuildFile section */
		89F84F412BD0C763008FF40A /* AppDelegate.swift in Sources */ = {isa = PBXBuildFile; fileRef = 89F84F402BD0C763008FF40A /* AppDelegate.swift */; };
		89F84F432BD0C763008FF40A /* GameViewController.swift in Sources */ = {isa = PBXBuildFile; fileRef = 89F84F422BD0C763008FF40A /* GameViewController.swift */; };
		89F84F462BD0C763008FF40A /* Base in Resources */ = {isa = PBXBuildFile; fileRef = 89F84F452BD0C763008FF40A /* Base */; };
		89F84F492BD0C763008FF40A /* Base in Resources */ = {isa = PBXBuildFile; fileRef = 89F84F482BD0C763008FF40A /* Base */; };
		89F84F512BD0C763008FF40A /* AppDelegate.swift in Sources */ = {isa = PBXBuildFile; fileRef = 89F84F502BD0C763008FF40A /* AppDelegate.swift */; };
		89F84F532BD0C763008FF40A /* GameViewController.swift in Sources */ = {isa = PBXBuildFile; fileRef = 89F84F522BD0C763008FF40A /* GameViewController.swift */; };
		89F84F562BD0C763008FF40A /* Base in Resources */ = {isa = PBXBuildFile; fileRef = 89F84F552BD0C763008FF40A /* Base */; };
		89F84F592BD0C763008FF40A /* Base in Resources */ = {isa = PBXBuildFile; fileRef = 89F84F582BD0C763008FF40A /* Base */; };
		89F84F612BD0C763008FF40A /* AppDelegate.swift in Sources */ = {isa = PBXBuildFile; fileRef = 89F84F602BD0C763008FF40A /* AppDelegate.swift */; };
		89F84F632BD0C763008FF40A /* GameViewController.swift in Sources */ = {isa = PBXBuildFile; fileRef = 89F84F622BD0C763008FF40A /* GameViewController.swift */; };
		89F84F662BD0C763008FF40A /* Base in Resources */ = {isa = PBXBuildFile; fileRef = 89F84F652BD0C763008FF40A /* Base */; };
		89F84F682BD0C763008FF40A /* Actions.sks in Resources */ = {isa = PBXBuildFile; fileRef = 89F84F352BD0C761008FF40A /* Actions.sks */; };
		89F84F692BD0C763008FF40A /* Actions.sks in Resources */ = {isa = PBXBuildFile; fileRef = 89F84F352BD0C761008FF40A /* Actions.sks */; };
		89F84F6A2BD0C763008FF40A /* Actions.sks in Resources */ = {isa = PBXBuildFile; fileRef = 89F84F352BD0C761008FF40A /* Actions.sks */; };
		89F84F6B2BD0C763008FF40A /* GameScene.sks in Resources */ = {isa = PBXBuildFile; fileRef = 89F84F362BD0C761008FF40A /* GameScene.sks */; };
		89F84F6C2BD0C763008FF40A /* GameScene.sks in Resources */ = {isa = PBXBuildFile; fileRef = 89F84F362BD0C761008FF40A /* GameScene.sks */; };
		89F84F6D2BD0C763008FF40A /* GameScene.sks in Resources */ = {isa = PBXBuildFile; fileRef = 89F84F362BD0C761008FF40A /* GameScene.sks */; };
		89F84F6E2BD0C763008FF40A /* GameScene.swift in Sources */ = {isa = PBXBuildFile; fileRef = 89F84F372BD0C761008FF40A /* GameScene.swift */; };
		89F84F6F2BD0C763008FF40A /* GameScene.swift in Sources */ = {isa = PBXBuildFile; fileRef = 89F84F372BD0C761008FF40A /* GameScene.swift */; };
		89F84F702BD0C763008FF40A /* GameScene.swift in Sources */ = {isa = PBXBuildFile; fileRef = 89F84F372BD0C761008FF40A /* GameScene.swift */; };
		89F84F712BD0C763008FF40A /* Assets.xcassets in Resources */ = {isa = PBXBuildFile; fileRef = 89F84F382BD0C763008FF40A /* Assets.xcassets */; };
		89F84F722BD0C763008FF40A /* Assets.xcassets in Resources */ = {isa = PBXBuildFile; fileRef = 89F84F382BD0C763008FF40A /* Assets.xcassets */; };
		89F84F732BD0C763008FF40A /* Assets.xcassets in Resources */ = {isa = PBXBuildFile; fileRef = 89F84F382BD0C763008FF40A /* Assets.xcassets */; };
/* End PBXBuildFile section */

/* Begin PBXFileReference section */
		89F84F352BD0C761008FF40A /* Actions.sks */ = {isa = PBXFileReference; lastKnownFileType = file.sks; path = Actions.sks; sourceTree = "<group>"; };
		89F84F362BD0C761008FF40A /* GameScene.sks */ = {isa = PBXFileReference; lastKnownFileType = file.sks; path = GameScene.sks; sourceTree = "<group>"; };
		89F84F372BD0C761008FF40A /* GameScene.swift */ = {isa = PBXFileReference; lastKnownFileType = sourcecode.swift; path = GameScene.swift; sourceTree = "<group>"; };
		89F84F382BD0C763008FF40A /* Assets.xcassets */ = {isa = PBXFileReference; lastKnownFileType = folder.assetcatalog; path = Assets.xcassets; sourceTree = "<group>"; };
		89F84F3D2BD0C763008FF40A /* Pong.app */ = {isa = PBXFileReference; explicitFileType = wrapper.application; includeInIndex = 0; path = Pong.app; sourceTree = BUILT_PRODUCTS_DIR; };
		89F84F402BD0C763008FF40A /* AppDelegate.swift */ = {isa = PBXFileReference; lastKnownFileType = sourcecode.swift; path = AppDelegate.swift; sourceTree = "<group>"; };
		89F84F422BD0C763008FF40A /* GameViewController.swift */ = {isa = PBXFileReference; lastKnownFileType = sourcecode.swift; path = GameViewController.swift; sourceTree = "<group>"; };
		89F84F452BD0C763008FF40A /* Base */ = {isa = PBXFileReference; lastKnownFileType = file.storyboard; name = Base; path = Base.lproj/Main.storyboard; sourceTree = "<group>"; };
		89F84F482BD0C763008FF40A /* Base */ = {isa = PBXFileReference; lastKnownFileType = file.storyboard; name = Base; path = Base.lproj/LaunchScreen.storyboard; sourceTree = "<group>"; };
		89F84F4E2BD0C763008FF40A /* Pong.app */ = {isa = PBXFileReference; explicitFileType = wrapper.application; includeInIndex = 0; path = Pong.app; sourceTree = BUILT_PRODUCTS_DIR; };
		89F84F502BD0C763008FF40A /* AppDelegate.swift */ = {isa = PBXFileReference; lastKnownFileType = sourcecode.swift; path = AppDelegate.swift; sourceTree = "<group>"; };
		89F84F522BD0C763008FF40A /* GameViewController.swift */ = {isa = PBXFileReference; lastKnownFileType = sourcecode.swift; path = GameViewController.swift; sourceTree = "<group>"; };
		89F84F552BD0C763008FF40A /* Base */ = {isa = PBXFileReference; lastKnownFileType = file.storyboard; name = Base; path = Base.lproj/Main.storyboard; sourceTree = "<group>"; };
		89F84F582BD0C763008FF40A /* Base */ = {isa = PBXFileReference; lastKnownFileType = file.storyboard; name = Base; path = Base.lproj/LaunchScreen.storyboard; sourceTree = "<group>"; };
		89F84F5E2BD0C763008FF40A /* Pong.app */ = {isa = PBXFileReference; explicitFileType = wrapper.application; includeInIndex = 0; path = Pong.app; sourceTree = BUILT_PRODUCTS_DIR; };
		89F84F602BD0C763008FF40A /* AppDelegate.swift */ = {isa = PBXFileReference; lastKnownFileType = sourcecode.swift; path = AppDelegate.swift; sourceTree = "<group>"; };
		89F84F622BD0C763008FF40A /* GameViewController.swift */ = {isa = PBXFileReference; lastKnownFileType = sourcecode.swift; path = GameViewController.swift; sourceTree = "<group>"; };
		89F84F652BD0C763008FF40A /* Base */ = {isa = PBXFileReference; lastKnownFileType = file.storyboard; name = Base; path = Base.lproj/Main.storyboard; sourceTree = "<group>"; };
		89F84F672BD0C763008FF40A /* Pong_macOS.entitlements */ = {isa = PBXFileReference; lastKnownFileType = text.plist.entitlements; path = Pong_macOS.entitlements; sourceTree = "<group>"; };
/* End PBXFileReference section */

/* Begin PBXFrameworksBuildPhase section */
		89F84F3A2BD0C763008FF40A /* Frameworks */ = {
			isa = PBXFrameworksBuildPhase;
			buildActionMask = 2147483647;
			files = (
			);
			runOnlyForDeploymentPostprocessing = 0;
		};
		89F84F4B2BD0C763008FF40A /* Frameworks */ = {
			isa = PBXFrameworksBuildPhase;
			buildActionMask = 2147483647;
			files = (
			);
			runOnlyForDeploymentPostprocessing = 0;
		};
		89F84F5B2BD0C763008FF40A /* Frameworks */ = {
			isa = PBXFrameworksBuildPhase;
			buildActionMask = 2147483647;
			files = (
			);
			runOnlyForDeploymentPostprocessing = 0;
		};
/* End PBXFrameworksBuildPhase section */

/* Begin PBXGroup section */
		89F84F2F2BD0C761008FF40A = {
			isa = PBXGroup;
			children = (
				89F84F342BD0C761008FF40A /* Pong Shared */,
				89F84F3F2BD0C763008FF40A /* Pong iOS */,
				89F84F4F2BD0C763008FF40A /* Pong tvOS */,
				89F84F5F2BD0C763008FF40A /* Pong macOS */,
				89F84F3E2BD0C763008FF40A /* Products */,
			);
			sourceTree = "<group>";
		};
		89F84F342BD0C761008FF40A /* Pong Shared */ = {
			isa = PBXGroup;
			children = (
				89F84F352BD0C761008FF40A /* Actions.sks */,
				89F84F362BD0C761008FF40A /* GameScene.sks */,
				89F84F372BD0C761008FF40A /* GameScene.swift */,
				89F84F382BD0C763008FF40A /* Assets.xcassets */,
			);
			path = "Pong Shared";
			sourceTree = "<group>";
		};
		89F84F3E2BD0C763008FF40A /* Products */ = {
			isa = PBXGroup;
			children = (
				89F84F3D2BD0C763008FF40A /* Pong.app */,
				89F84F4E2BD0C763008FF40A /* Pong.app */,
				89F84F5E2BD0C763008FF40A /* Pong.app */,
			);
			name = Products;
			sourceTree = "<group>";
		};
		89F84F3F2BD0C763008FF40A /* Pong iOS */ = {
			isa = PBXGroup;
			children = (
				89F84F402BD0C763008FF40A /* AppDelegate.swift */,
				89F84F422BD0C763008FF40A /* GameViewController.swift */,
				89F84F442BD0C763008FF40A /* Main.storyboard */,
				89F84F472BD0C763008FF40A /* LaunchScreen.storyboard */,
			);
			path = "Pong iOS";
			sourceTree = "<group>";
		};
		89F84F4F2BD0C763008FF40A /* Pong tvOS */ = {
			isa = PBXGroup;
			children = (
				89F84F502BD0C763008FF40A /* AppDelegate.swift */,
				89F84F522BD0C763008FF40A /* GameViewController.swift */,
				89F84F542BD0C763008FF40A /* Main.storyboard */,
				89F84F572BD0C763008FF40A /* LaunchScreen.storyboard */,
			);
			path = "Pong tvOS";
			sourceTree = "<group>";
		};
		89F84F5F2BD0C763008FF40A /* Pong macOS */ = {
			isa = PBXGroup;
			children = (
				89F84F602BD0C763008FF40A /* AppDelegate.swift */,
				89F84F622BD0C763008FF40A /* GameViewController.swift */,
				89F84F642BD0C763008FF40A /* Main.storyboard */,
				89F84F672BD0C763008FF40A /* Pong_macOS.entitlements */,
			);
			path = "Pong macOS";
			sourceTree = "<group>";
		};
/* End PBXGroup section */

/* Begin PBXNativeTarget section */
		89F84F3C2BD0C763008FF40A /* Pong iOS */ = {
			isa = PBXNativeTarget;
			buildConfigurationList = 89F84F762BD0C764008FF40A /* Build configuration list for PBXNativeTarget "Pong iOS" */;
			buildPhases = (
				89F84F392BD0C763008FF40A /* Sources */,
				89F84F3A2BD0C763008FF40A /* Frameworks */,
				89F84F3B2BD0C763008FF40A /* Resources */,
			);
			buildRules = (
			);
			dependencies = (
			);
			name = "Pong iOS";
			productName = "Pong iOS";
			productReference = 89F84F3D2BD0C763008FF40A /* Pong.app */;
			productType = "com.apple.product-type.application";
		};
		89F84F4D2BD0C763008FF40A /* Pong tvOS */ = {
			isa = PBXNativeTarget;
			buildConfigurationList = 89F84F792BD0C764008FF40A /* Build configuration list for PBXNativeTarget "Pong tvOS" */;
			buildPhases = (
				89F84F4A2BD0C763008FF40A /* Sources */,
				89F84F4B2BD0C763008FF40A /* Frameworks */,
				89F84F4C2BD0C763008FF40A /* Resources */,
			);
			buildRules = (
			);
			dependencies = (
			);
			name = "Pong tvOS";
			productName = "Pong tvOS";
			productReference = 89F84F4E2BD0C763008FF40A /* Pong.app */;
			productType = "com.apple.product-type.application";
		};
		89F84F5D2BD0C763008FF40A /* Pong macOS */ = {
			isa = PBXNativeTarget;
			buildConfigurationList = 89F84F7C2BD0C764008FF40A /* Build configuration list for PBXNativeTarget "Pong macOS" */;
			buildPhases = (
				89F84F5A2BD0C763008FF40A /* Sources */,
				89F84F5B2BD0C763008FF40A /* Frameworks */,
				89F84F5C2BD0C763008FF40A /* Resources */,
			);
			buildRules = (
			);
			dependencies = (
			);
			name = "Pong macOS";
			productName = "Pong macOS";
			productReference = 89F84F5E2BD0C763008FF40A /* Pong.app */;
			productType = "com.apple.product-type.application";
		};
/* End PBXNativeTarget section */

/* Begin PBXProject section */
		89F84F302BD0C761008FF40A /* Project object */ = {
			isa = PBXProject;
			attributes = {
				BuildIndependentTargetsInParallel = 1;
				LastSwiftUpdateCheck = 1530;
				LastUpgradeCheck = 1530;
				TargetAttributes = {
					89F84F3C2BD0C763008FF40A = {
						CreatedOnToolsVersion = 15.3;
					};
					89F84F4D2BD0C763008FF40A = {
						CreatedOnToolsVersion = 15.3;
					};
					89F84F5D2BD0C763008FF40A = {
						CreatedOnToolsVersion = 15.3;
					};
				};
			};
			buildConfigurationList = 89F84F332BD0C761008FF40A /* Build configuration list for PBXProject "Pong" */;
			compatibilityVersion = "Xcode 14.0";
			developmentRegion = en;
			hasScannedForEncodings = 0;
			knownRegions = (
				en,
				Base,
			);
			mainGroup = 89F84F2F2BD0C761008FF40A;
			productRefGroup = 89F84F3E2BD0C763008FF40A /* Products */;
			projectDirPath = "";
			projectRoot = "";
			targets = (
				89F84F3C2BD0C763008FF40A /* Pong iOS */,
				89F84F4D2BD0C763008FF40A /* Pong tvOS */,
				89F84F5D2BD0C763008FF40A /* Pong macOS */,
			);
		};
/* End PBXProject section */

/* Begin PBXResourcesBuildPhase section */
		89F84F3B2BD0C763008FF40A /* Resources */ = {
			isa = PBXResourcesBuildPhase;
			buildActionMask = 2147483647;
			files = (
				89F84F6B2BD0C763008FF40A /* GameScene.sks in Resources */,
				89F84F462BD0C763008FF40A /* Base in Resources */,
				89F84F682BD0C763008FF40A /* Actions.sks in Resources */,
				89F84F492BD0C763008FF40A /* Base in Resources */,
				89F84F712BD0C763008FF40A /* Assets.xcassets in Resources */,
			);
			runOnlyForDeploymentPostprocessing = 0;
		};
		89F84F4C2BD0C763008FF40A /* Resources */ = {
			isa = PBXResourcesBuildPhase;
			buildActionMask = 2147483647;
			files = (
				89F84F6C2BD0C763008FF40A /* GameScene.sks in Resources */,
				89F84F562BD0C763008FF40A /* Base in Resources */,
				89F84F692BD0C763008FF40A /* Actions.sks in Resources */,
				89F84F592BD0C763008FF40A /* Base in Resources */,
				89F84F722BD0C763008FF40A /* Assets.xcassets in Resources */,
			);
			runOnlyForDeploymentPostprocessing = 0;
		};
		89F84F5C2BD0C763008FF40A /* Resources */ = {
			isa = PBXResourcesBuildPhase;
			buildActionMask = 2147483647;
			files = (
				89F84F662BD0C763008FF40A /* Base in Resources */,
				89F84F6D2BD0C763008FF40A /* GameScene.sks in Resources */,
				89F84F732BD0C763008FF40A /* Assets.xcassets in Resources */,
				89F84F6A2BD0C763008FF40A /* Actions.sks in Resources */,
			);
			runOnlyForDeploymentPostprocessing = 0;
		};
/* End PBXResourcesBuildPhase section */

/* Begin PBXSourcesBuildPhase section */
		89F84F392BD0C763008FF40A /* Sources */ = {
			isa = PBXSourcesBuildPhase;
			buildActionMask = 2147483647;
			files = (
				89F84F6E2BD0C763008FF40A /* GameScene.swift in Sources */,
				89F84F432BD0C763008FF40A /* GameViewController.swift in Sources */,
				89F84F412BD0C763008FF40A /* AppDelegate.swift in Sources */,
			);
			runOnlyForDeploymentPostprocessing = 0;
		};
		89F84F4A2BD0C763008FF40A /* Sources */ = {
			isa = PBXSourcesBuildPhase;
			buildActionMask = 2147483647;
			files = (
				89F84F6F2BD0C763008FF40A /* GameScene.swift in Sources */,
				89F84F532BD0C763008FF40A /* GameViewController.swift in Sources */,
				89F84F512BD0C763008FF40A /* AppDelegate.swift in Sources */,
			);
			runOnlyForDeploymentPostprocessing = 0;
		};
		89F84F5A2BD0C763008FF40A /* Sources */ = {
			isa = PBXSourcesBuildPhase;
			buildActionMask = 2147483647;
			files = (
				89F84F702BD0C763008FF40A /* GameScene.swift in Sources */,
				89F84F632BD0C763008FF40A /* GameViewController.swift in Sources */,
				89F84F612BD0C763008FF40A /* AppDelegate.swift in Sources */,
			);
			runOnlyForDeploymentPostprocessing = 0;
		};
/* End PBXSourcesBuildPhase section */

/* Begin PBXVariantGroup section */
		89F84F442BD0C763008FF40A /* Main.storyboard */ = {
			isa = PBXVariantGroup;
			children = (
				89F84F452BD0C763008FF40A /* Base */,
			);
			name = Main.storyboard;
			sourceTree = "<group>";
		};
		89F84F472BD0C763008FF40A /* LaunchScreen.storyboard */ = {
			isa = PBXVariantGroup;
			children = (
				89F84F482BD0C763008FF40A /* Base */,
			);
			name = LaunchScreen.storyboard;
			sourceTree = "<group>";
		};
		89F84F542BD0C763008FF40A /* Main.storyboard */ = {
			isa = PBXVariantGroup;
			children = (
				89F84F552BD0C763008FF40A /* Base */,
			);
			name = Main.storyboard;
			sourceTree = "<group>";
		};
		89F84F572BD0C763008FF40A /* LaunchScreen.storyboard */ = {
			isa = PBXVariantGroup;
			children = (
				89F84F582BD0C763008FF40A /* Base */,
			);
			name = LaunchScreen.storyboard;
			sourceTree = "<group>";
		};
		89F84F642BD0C763008FF40A /* Main.storyboard */ = {
			isa = PBXVariantGroup;
			children = (
				89F84F652BD0C763008FF40A /* Base */,
			);
			name = Main.storyboard;
			sourceTree = "<group>";
		};
/* End PBXVariantGroup section */

/* Begin XCBuildConfiguration section */
		89F84F742BD0C763008FF40A /* Debug */ = {
			isa = XCBuildConfiguration;
			buildSettings = {
				ALWAYS_SEARCH_USER_PATHS = NO;
				ASSETCATALOG_COMPILER_GENERATE_SWIFT_ASSET_SYMBOL_EXTENSIONS = YES;
				CLANG_ANALYZER_NONNULL = YES;
				CLANG_ANALYZER_NUMBER_OBJECT_CONVERSION = YES_AGGRESSIVE;
				CLANG_CXX_LANGUAGE_STANDARD = "gnu++20";
				CLANG_ENABLE_MODULES = YES;
				CLANG_ENABLE_OBJC_ARC = YES;
				CLANG_ENABLE_OBJC_WEAK = YES;
				CLANG_WARN_BLOCK_CAPTURE_AUTORELEASING = YES;
				CLANG_WARN_BOOL_CONVERSION = YES;
				CLANG_WARN_COMMA = YES;
				CLANG_WARN_CONSTANT_CONVERSION = YES;
				CLANG_WARN_DEPRECATED_OBJC_IMPLEMENTATIONS = YES;
				CLANG_WARN_DIRECT_OBJC_ISA_USAGE = YES_ERROR;
				CLANG_WARN_DOCUMENTATION_COMMENTS = YES;
				CLANG_WARN_EMPTY_BODY = YES;
				CLANG_WARN_ENUM_CONVERSION = YES;
				CLANG_WARN_INFINITE_RECURSION = YES;
				CLANG_WARN_INT_CONVERSION = YES;
				CLANG_WARN_NON_LITERAL_NULL_CONVERSION = YES;
				CLANG_WARN_OBJC_IMPLICIT_RETAIN_SELF = YES;
				CLANG_WARN_OBJC_LITERAL_CONVERSION = YES;
				CLANG_WARN_OBJC_ROOT_CLASS = YES_ERROR;
				CLANG_WARN_QUOTED_INCLUDE_IN_FRAMEWORK_HEADER = YES;
				CLANG_WARN_RANGE_LOOP_ANALYSIS = YES;
				CLANG_WARN_STRICT_PROTOTYPES = YES;
				CLANG_WARN_SUSPICIOUS_MOVE = YES;
				CLANG_WARN_UNGUARDED_AVAILABILITY = YES_AGGRESSIVE;
				CLANG_WARN_UNREACHABLE_CODE = YES;
				CLANG_WARN__DUPLICATE_METHOD_MATCH = YES;
				COPY_PHASE_STRIP = NO;
				DEBUG_INFORMATION_FORMAT = dwarf;
				ENABLE_STRICT_OBJC_MSGSEND = YES;
				ENABLE_TESTABILITY = YES;
				ENABLE_USER_SCRIPT_SANDBOXING = YES;
				GCC_C_LANGUAGE_STANDARD = gnu17;
				GCC_DYNAMIC_NO_PIC = NO;
				GCC_NO_COMMON_BLOCKS = YES;
				GCC_OPTIMIZATION_LEVEL = 0;
				GCC_PREPROCESSOR_DEFINITIONS = (
					"DEBUG=1",
					"$(inherited)",
				);
				GCC_WARN_64_TO_32_BIT_CONVERSION = YES;
				GCC_WARN_ABOUT_RETURN_TYPE = YES_ERROR;
				GCC_WARN_UNDECLARED_SELECTOR = YES;
				GCC_WARN_UNINITIALIZED_AUTOS = YES_AGGRESSIVE;
				GCC_WARN_UNUSED_FUNCTION = YES;
				GCC_WARN_UNUSED_VARIABLE = YES;
				LOCALIZATION_PREFERS_STRING_CATALOGS = YES;
				MTL_ENABLE_DEBUG_INFO = INCLUDE_SOURCE;
				MTL_FAST_MATH = YES;
				ONLY_ACTIVE_ARCH = YES;
				SWIFT_ACTIVE_COMPILATION_CONDITIONS = "DEBUG $(inherited)";
				SWIFT_OPTIMIZATION_LEVEL = "-Onone";
			};
			name = Debug;
		};
		89F84F752BD0C763008FF40A /* Release */ = {
			isa = XCBuildConfiguration;
			buildSettings = {
				ALWAYS_SEARCH_USER_PATHS = NO;
				ASSETCATALOG_COMPILER_GENERATE_SWIFT_ASSET_SYMBOL_EXTENSIONS = YES;
				CLANG_ANALYZER_NONNULL = YES;
				CLANG_ANALYZER_NUMBER_OBJECT_CONVERSION = YES_AGGRESSIVE;
				CLANG_CXX_LANGUAGE_STANDARD = "gnu++20";
				CLANG_ENABLE_MODULES = YES;
				CLANG_ENABLE_OBJC_ARC = YES;
				CLANG_ENABLE_OBJC_WEAK = YES;
				CLANG_WARN_BLOCK_CAPTURE_AUTORELEASING = YES;
				CLANG_WARN_BOOL_CONVERSION = YES;
				CLANG_WARN_COMMA = YES;
				CLANG_WARN_CONSTANT_CONVERSION = YES;
				CLANG_WARN_DEPRECATED_OBJC_IMPLEMENTATIONS = YES;
				CLANG_WARN_DIRECT_OBJC_ISA_USAGE = YES_ERROR;
				CLANG_WARN_DOCUMENTATION_COMMENTS = YES;
				CLANG_WARN_EMPTY_BODY = YES;
				CLANG_WARN_ENUM_CONVERSION = YES;
				CLANG_WARN_INFINITE_RECURSION = YES;
				CLANG_WARN_INT_CONVERSION = YES;
				CLANG_WARN_NON_LITERAL_NULL_CONVERSION = YES;
				CLANG_WARN_OBJC_IMPLICIT_RETAIN_SELF = YES;
				CLANG_WARN_OBJC_LITERAL_CONVERSION = YES;
				CLANG_WARN_OBJC_ROOT_CLASS = YES_ERROR;
				CLANG_WARN_QUOTED_INCLUDE_IN_FRAMEWORK_HEADER = YES;
				CLANG_WARN_RANGE_LOOP_ANALYSIS = YES;
				CLANG_WARN_STRICT_PROTOTYPES = YES;
				CLANG_WARN_SUSPICIOUS_MOVE = YES;
				CLANG_WARN_UNGUARDED_AVAILABILITY = YES_AGGRESSIVE;
				CLANG_WARN_UNREACHABLE_CODE = YES;
				CLANG_WARN__DUPLICATE_METHOD_MATCH = YES;
				COPY_PHASE_STRIP = NO;
				DEBUG_INFORMATION_FORMAT = "dwarf-with-dsym";
				ENABLE_NS_ASSERTIONS = NO;
				ENABLE_STRICT_OBJC_MSGSEND = YES;
				ENABLE_USER_SCRIPT_SANDBOXING = YES;
				GCC_C_LANGUAGE_STANDARD = gnu17;
				GCC_NO_COMMON_BLOCKS = YES;
				GCC_WARN_64_TO_32_BIT_CONVERSION = YES;
				GCC_WARN_ABOUT_RETURN_TYPE = YES_ERROR;
				GCC_WARN_UNDECLARED_SELECTOR = YES;
				GCC_WARN_UNINITIALIZED_AUTOS = YES_AGGRESSIVE;
				GCC_WARN_UNUSED_FUNCTION = YES;
				GCC_WARN_UNUSED_VARIABLE = YES;
				LOCALIZATION_PREFERS_STRING_CATALOGS = YES;
				MTL_ENABLE_DEBUG_INFO = NO;
				MTL_FAST_MATH = YES;
				SWIFT_COMPILATION_MODE = wholemodule;
			};
			name = Release;
		};
		89F84F772BD0C764008FF40A /* Debug */ = {
			isa = XCBuildConfiguration;
			buildSettings = {
				ASSETCATALOG_COMPILER_APPICON_NAME = AppIcon;
				ASSETCATALOG_COMPILER_GLOBAL_ACCENT_COLOR_NAME = AccentColor;
				CODE_SIGN_STYLE = Automatic;
				CURRENT_PROJECT_VERSION = 1;
				DEVELOPMENT_TEAM = 22H5XFG43P;
				GENERATE_INFOPLIST_FILE = YES;
				INFOPLIST_KEY_UIApplicationSupportsIndirectInputEvents = YES;
				INFOPLIST_KEY_UILaunchStoryboardName = LaunchScreen;
				INFOPLIST_KEY_UIMainStoryboardFile = Main;
				INFOPLIST_KEY_UIStatusBarHidden = YES;
				INFOPLIST_KEY_UISupportedInterfaceOrientations_iPad = "UIInterfaceOrientationPortrait UIInterfaceOrientationPortraitUpsideDown UIInterfaceOrientationLandscapeLeft UIInterfaceOrientationLandscapeRight";
				INFOPLIST_KEY_UISupportedInterfaceOrientations_iPhone = "UIInterfaceOrientationPortrait UIInterfaceOrientationLandscapeLeft UIInterfaceOrientationLandscapeRight";
				IPHONEOS_DEPLOYMENT_TARGET = 17.4;
				LD_RUNPATH_SEARCH_PATHS = (
					"$(inherited)",
					"@executable_path/Frameworks",
				);
				MARKETING_VERSION = 1.0;
				PRODUCT_BUNDLE_IDENTIFIER = com.stevenquinn.Pong;
				PRODUCT_NAME = Pong;
				SDKROOT = iphoneos;
				SWIFT_EMIT_LOC_STRINGS = YES;
				SWIFT_VERSION = 5.0;
				TARGETED_DEVICE_FAMILY = "1,2";
			};
			name = Debug;
		};
		89F84F782BD0C764008FF40A /* Release */ = {
			isa = XCBuildConfiguration;
			buildSettings = {
				ASSETCATALOG_COMPILER_APPICON_NAME = AppIcon;
				ASSETCATALOG_COMPILER_GLOBAL_ACCENT_COLOR_NAME = AccentColor;
				CODE_SIGN_STYLE = Automatic;
				CURRENT_PROJECT_VERSION = 1;
				DEVELOPMENT_TEAM = 22H5XFG43P;
				GENERATE_INFOPLIST_FILE = YES;
				INFOPLIST_KEY_UIApplicationSupportsIndirectInputEvents = YES;
				INFOPLIST_KEY_UILaunchStoryboardName = LaunchScreen;
				INFOPLIST_KEY_UIMainStoryboardFile = Main;
				INFOPLIST_KEY_UIStatusBarHidden = YES;
				INFOPLIST_KEY_UISupportedInterfaceOrientations_iPad = "UIInterfaceOrientationPortrait UIInterfaceOrientationPortraitUpsideDown UIInterfaceOrientationLandscapeLeft UIInterfaceOrientationLandscapeRight";
				INFOPLIST_KEY_UISupportedInterfaceOrientations_iPhone = "UIInterfaceOrientationPortrait UIInterfaceOrientationLandscapeLeft UIInterfaceOrientationLandscapeRight";
				IPHONEOS_DEPLOYMENT_TARGET = 17.4;
				LD_RUNPATH_SEARCH_PATHS = (
					"$(inherited)",
					"@executable_path/Frameworks",
				);
				MARKETING_VERSION = 1.0;
				PRODUCT_BUNDLE_IDENTIFIER = com.stevenquinn.Pong;
				PRODUCT_NAME = Pong;
				SDKROOT = iphoneos;
				SWIFT_EMIT_LOC_STRINGS = YES;
				SWIFT_VERSION = 5.0;
				TARGETED_DEVICE_FAMILY = "1,2";
				VALIDATE_PRODUCT = YES;
			};
			name = Release;
		};
		89F84F7A2BD0C764008FF40A /* Debug */ = {
			isa = XCBuildConfiguration;
			buildSettings = {
				ASSETCATALOG_COMPILER_APPICON_NAME = "tvOS App Icon & Top Shelf Image";
				ASSETCATALOG_COMPILER_GLOBAL_ACCENT_COLOR_NAME = AccentColor;
				CODE_SIGN_STYLE = Automatic;
				CURRENT_PROJECT_VERSION = 1;
				DEVELOPMENT_TEAM = 22H5XFG43P;
				GENERATE_INFOPLIST_FILE = YES;
				INFOPLIST_KEY_UILaunchStoryboardName = LaunchScreen;
				INFOPLIST_KEY_UIMainStoryboardFile = Main;
				INFOPLIST_KEY_UIUserInterfaceStyle = Automatic;
				LD_RUNPATH_SEARCH_PATHS = (
					"$(inherited)",
					"@executable_path/Frameworks",
				);
				MARKETING_VERSION = 1.0;
				PRODUCT_BUNDLE_IDENTIFIER = com.stevenquinn.Pong;
				PRODUCT_NAME = Pong;
				SDKROOT = appletvos;
				SWIFT_EMIT_LOC_STRINGS = YES;
				SWIFT_VERSION = 5.0;
				TARGETED_DEVICE_FAMILY = 3;
				TVOS_DEPLOYMENT_TARGET = 17.4;
			};
			name = Debug;
		};
		89F84F7B2BD0C764008FF40A /* Release */ = {
			isa = XCBuildConfiguration;
			buildSettings = {
				ASSETCATALOG_COMPILER_APPICON_NAME = "tvOS App Icon & Top Shelf Image";
				ASSETCATALOG_COMPILER_GLOBAL_ACCENT_COLOR_NAME = AccentColor;
				CODE_SIGN_STYLE = Automatic;
				CURRENT_PROJECT_VERSION = 1;
				DEVELOPMENT_TEAM = 22H5XFG43P;
				GENERATE_INFOPLIST_FILE = YES;
				INFOPLIST_KEY_UILaunchStoryboardName = LaunchScreen;
				INFOPLIST_KEY_UIMainStoryboardFile = Main;
				INFOPLIST_KEY_UIUserInterfaceStyle = Automatic;
				LD_RUNPATH_SEARCH_PATHS = (
					"$(inherited)",
					"@executable_path/Frameworks",
				);
				MARKETING_VERSION = 1.0;
				PRODUCT_BUNDLE_IDENTIFIER = com.stevenquinn.Pong;
				PRODUCT_NAME = Pong;
				SDKROOT = appletvos;
				SWIFT_EMIT_LOC_STRINGS = YES;
				SWIFT_VERSION = 5.0;
				TARGETED_DEVICE_FAMILY = 3;
				TVOS_DEPLOYMENT_TARGET = 17.4;
				VALIDATE_PRODUCT = YES;
			};
			name = Release;
		};
		89F84F7D2BD0C764008FF40A /* Debug */ = {
			isa = XCBuildConfiguration;
			buildSettings = {
				ASSETCATALOG_COMPILER_APPICON_NAME = AppIcon;
				ASSETCATALOG_COMPILER_GLOBAL_ACCENT_COLOR_NAME = AccentColor;
				CODE_SIGN_ENTITLEMENTS = "Pong macOS/Pong_macOS.entitlements";
				CODE_SIGN_STYLE = Automatic;
				COMBINE_HIDPI_IMAGES = YES;
				CURRENT_PROJECT_VERSION = 1;
				DEVELOPMENT_TEAM = 22H5XFG43P;
				ENABLE_HARDENED_RUNTIME = YES;
				GENERATE_INFOPLIST_FILE = YES;
				INFOPLIST_KEY_NSHumanReadableCopyright = "";
				INFOPLIST_KEY_NSMainStoryboardFile = Main;
				INFOPLIST_KEY_NSPrincipalClass = NSApplication;
				LD_RUNPATH_SEARCH_PATHS = (
					"$(inherited)",
					"@executable_path/../Frameworks",
				);
				MACOSX_DEPLOYMENT_TARGET = 14.0;
				MARKETING_VERSION = 1.0;
				PRODUCT_BUNDLE_IDENTIFIER = com.stevenquinn.Pong;
				PRODUCT_NAME = Pong;
				SDKROOT = macosx;
				SWIFT_EMIT_LOC_STRINGS = YES;
				SWIFT_VERSION = 5.0;
			};
			name = Debug;
		};
		89F84F7E2BD0C764008FF40A /* Release */ = {
			isa = XCBuildConfiguration;
			buildSettings = {
				ASSETCATALOG_COMPILER_APPICON_NAME = AppIcon;
				ASSETCATALOG_COMPILER_GLOBAL_ACCENT_COLOR_NAME = AccentColor;
				CODE_SIGN_ENTITLEMENTS = "Pong macOS/Pong_macOS.entitlements";
				CODE_SIGN_STYLE = Automatic;
				COMBINE_HIDPI_IMAGES = YES;
				CURRENT_PROJECT_VERSION = 1;
				DEVELOPMENT_TEAM = 22H5XFG43P;
				ENABLE_HARDENED_RUNTIME = YES;
				GENERATE_INFOPLIST_FILE = YES;
				INFOPLIST_KEY_NSHumanReadableCopyright = "";
				INFOPLIST_KEY_NSMainStoryboardFile = Main;
				INFOPLIST_KEY_NSPrincipalClass = NSApplication;
				LD_RUNPATH_SEARCH_PATHS = (
					"$(inherited)",
					"@executable_path/../Frameworks",
				);
				MACOSX_DEPLOYMENT_TARGET = 14.0;
				MARKETING_VERSION = 1.0;
				PRODUCT_BUNDLE_IDENTIFIER = com.stevenquinn.Pong;
				PRODUCT_NAME = Pong;
				SDKROOT = macosx;
				SWIFT_EMIT_LOC_STRINGS = YES;
				SWIFT_VERSION = 5.0;
			};
			name = Release;
		};
/* End XCBuildConfiguration section */

/* Begin XCConfigurationList section */
		89F84F332BD0C761008FF40A /* Build configuration list for PBXProject "Pong" */ = {
			isa = XCConfigurationList;
			buildConfigurations = (
				89F84F742BD0C763008FF40A /* Debug */,
				89F84F752BD0C763008FF40A /* Release */,
			);
			defaultConfigurationIsVisible = 0;
			defaultConfigurationName = Release;
		};
		89F84F762BD0C764008FF40A /* Build configuration list for PBXNativeTarget "Pong iOS" */ = {
			isa = XCConfigurationList;
			buildConfigurations = (
				89F84F772BD0C764008FF40A /* Debug */,
				89F84F782BD0C764008FF40A /* Release */,
			);
			defaultConfigurationIsVisible = 0;
			defaultConfigurationName = Release;
		};
		89F84F792BD0C764008FF40A /* Build configuration list for PBXNativeTarget "Pong tvOS" */ = {
			isa = XCConfigurationList;
			buildConfigurations = (
				89F84F7A2BD0C764008FF40A /* Debug */,
				89F84F7B2BD0C764008FF40A /* Release */,
			);
			defaultConfigurationIsVisible = 0;
			defaultConfigurationName = Release;
		};
		89F84F7C2BD0C764008FF40A /* Build configuration list for PBXNativeTarget "Pong macOS" */ = {
			isa = XCConfigurationList;
			buildConfigurations = (
				89F84F7D2BD0C764008FF40A /* Debug */,
				89F84F7E2BD0C764008FF40A /* Release */,
			);
			defaultConfigurationIsVisible = 0;
			defaultConfigurationName = Release;
		};
/* End XCConfigurationList section */
	};
	rootObject = 89F84F302BD0C761008FF40A /* Project object */;
}
